// !$*UTF8*$!
{
	archiveVersion = 1;
	classes = {
	};
	objectVersion = 77;
	objects = {

/* Begin PBXBuildFile section */
		9BB87CA92F5D383C000790E9 /* DriverKit.framework in Frameworks */ = {isa = PBXBuildFile; fileRef = 9BB87CA82F5D383C000790E9 /* DriverKit.framework */; };
		9BB87CB72F5D394E000790E9 /* USBDriverKit.framework in Frameworks */ = {isa = PBXBuildFile; fileRef = 9BB87CB62F5D394E000790E9 /* USBDriverKit.framework */; };
		9BB87CC02F5D400000000001 /* NetworkingDriverKit.framework in Frameworks */ = {isa = PBXBuildFile; fileRef = 9BB87CBF2F5D400000000001 /* NetworkingDriverKit.framework */; };
		9BC0AABE2F5D8B0000DF0450 /* au.com.jquirke.AQC111Driver.dext in Embed System Extensions */ = {isa = PBXBuildFile; fileRef = 9BB87CA52F5D383C000790E9 /* au.com.jquirke.AQC111Driver.dext */; settings = {ATTRIBUTES = (); }; };
/* End PBXBuildFile section */

/* Begin PBXContainerItemProxy section */
		9BC0AABC2F5D8A8200DF0450 /* PBXContainerItemProxy */ = {
			isa = PBXContainerItemProxy;
			containerPortal = 9BB87C9C2F5D383C000790E9 /* Project object */;
			proxyType = 1;
			remoteGlobalIDString = 9BB87CA42F5D383C000790E9;
			remoteInfo = AQC111;
		};
/* End PBXContainerItemProxy section */

/* Begin PBXCopyFilesBuildPhase section */
		9BC0AABF2F5D8B0000DF0450 /* Embed System Extensions */ = {
			isa = PBXCopyFilesBuildPhase;
			buildActionMask = 2147483647;
			dstPath = Contents/Library/SystemExtensions;
			dstSubfolderSpec = 1;
			files = (
				9BC0AABE2F5D8B0000DF0450 /* au.com.jquirke.AQC111Driver.dext in Embed System Extensions */,
			);
			name = "Embed System Extensions";
			runOnlyForDeploymentPostprocessing = 0;
		};
/* End PBXCopyFilesBuildPhase section */

/* Begin PBXFileReference section */
		9BB87CA52F5D383C000790E9 /* au.com.jquirke.AQC111Driver.dext */ = {isa = PBXFileReference; explicitFileType = "wrapper.driver-extension"; includeInIndex = 0; path = au.com.jquirke.AQC111Driver.dext; sourceTree = BUILT_PRODUCTS_DIR; };
		9BB87CA82F5D383C000790E9 /* DriverKit.framework */ = {isa = PBXFileReference; lastKnownFileType = wrapper.framework; name = DriverKit.framework; path = Library/Frameworks/DriverKit.framework; sourceTree = DEVELOPER_DIR; };
		9BB87CB62F5D394E000790E9 /* USBDriverKit.framework */ = {isa = PBXFileReference; lastKnownFileType = wrapper.framework; name = USBDriverKit.framework; path = System/DriverKit/System/Library/Frameworks/USBDriverKit.framework; sourceTree = SDKROOT; };
		9BB87CBF2F5D400000000001 /* NetworkingDriverKit.framework */ = {isa = PBXFileReference; lastKnownFileType = wrapper.framework; name = NetworkingDriverKit.framework; path = System/DriverKit/System/Library/Frameworks/NetworkingDriverKit.framework; sourceTree = SDKROOT; };
		9BC0AA8C2F5D892600DF0450 /* AQC111Loader.app */ = {isa = PBXFileReference; explicitFileType = wrapper.application; includeInIndex = 0; path = AQC111Loader.app; sourceTree = BUILT_PRODUCTS_DIR; };
/* End PBXFileReference section */

/* Begin PBXFileSystemSynchronizedBuildFileExceptionSet section */
		9BB87CB02F5D383C000790E9 /* Exceptions for "AQC111" folder in "AQC111" target */ = {
			isa = PBXFileSystemSynchronizedBuildFileExceptionSet;
			membershipExceptions = (
				Info.plist,
			);
			target = 9BB87CA42F5D383C000790E9 /* AQC111 */;
		};
		9BC0AAC02F5D8C0000DF0450 /* Exceptions for "AQC111Loader" folder in "AQC111Loader" target */ = {
			isa = PBXFileSystemSynchronizedBuildFileExceptionSet;
			membershipExceptions = (
				Info.plist,
			);
			target = 9BC0AA8B2F5D892600DF0450 /* AQC111Loader */;
		};
/* End PBXFileSystemSynchronizedBuildFileExceptionSet section */

/* Begin PBXFileSystemSynchronizedRootGroup section */
		9BB87CAA2F5D383C000790E9 /* AQC111 */ = {
			isa = PBXFileSystemSynchronizedRootGroup;
			exceptions = (
				9BB87CB02F5D383C000790E9 /* Exceptions for "AQC111" folder in "AQC111" target */,
			);
			path = AQC111;
			sourceTree = "<group>";
		};
		9BC0AA8D2F5D892600DF0450 /* AQC111Loader */ = {
			isa = PBXFileSystemSynchronizedRootGroup;
			exceptions = (
				9BC0AAC02F5D8C0000DF0450 /* Exceptions for "AQC111Loader" folder in "AQC111Loader" target */,
			);
			path = AQC111Loader;
			sourceTree = "<group>";
		};
/* End PBXFileSystemSynchronizedRootGroup section */

/* Begin PBXFrameworksBuildPhase section */
		9BB87CA22F5D383C000790E9 /* Frameworks */ = {
			isa = PBXFrameworksBuildPhase;
			buildActionMask = 2147483647;
			files = (
				9BB87CB72F5D394E000790E9 /* USBDriverKit.framework in Frameworks */,
				9BB87CC02F5D400000000001 /* NetworkingDriverKit.framework in Frameworks */,
				9BB87CA92F5D383C000790E9 /* DriverKit.framework in Frameworks */,
			);
			runOnlyForDeploymentPostprocessing = 0;
		};
		9BC0AA892F5D892600DF0450 /* Frameworks */ = {
			isa = PBXFrameworksBuildPhase;
			buildActionMask = 2147483647;
			files = (
			);
			runOnlyForDeploymentPostprocessing = 0;
		};
/* End PBXFrameworksBuildPhase section */

/* Begin PBXGroup section */
		9BB87C9B2F5D383C000790E9 = {
			isa = PBXGroup;
			children = (
				9BB87CAA2F5D383C000790E9 /* AQC111 */,
				9BC0AA8D2F5D892600DF0450 /* AQC111Loader */,
				9BB87CA72F5D383C000790E9 /* Frameworks */,
				9BB87CA62F5D383C000790E9 /* Products */,
			);
			sourceTree = "<group>";
		};
		9BB87CA62F5D383C000790E9 /* Products */ = {
			isa = PBXGroup;
			children = (
				9BB87CA52F5D383C000790E9 /* au.com.jquirke.AQC111Driver.dext */,
				9BC0AA8C2F5D892600DF0450 /* AQC111Loader.app */,
			);
			name = Products;
			sourceTree = "<group>";
		};
		9BB87CA72F5D383C000790E9 /* Frameworks */ = {
			isa = PBXGroup;
			children = (
				9BB87CB62F5D394E000790E9 /* USBDriverKit.framework */,
				9BB87CBF2F5D400000000001 /* NetworkingDriverKit.framework */,
				9BB87CA82F5D383C000790E9 /* DriverKit.framework */,
			);
			name = Frameworks;
			sourceTree = "<group>";
		};
/* End PBXGroup section */

/* Begin PBXHeadersBuildPhase section */
		9BB87CA02F5D383C000790E9 /* Headers */ = {
			isa = PBXHeadersBuildPhase;
			buildActionMask = 2147483647;
			files = (
			);
			runOnlyForDeploymentPostprocessing = 0;
		};
/* End PBXHeadersBuildPhase section */

/* Begin PBXNativeTarget section */
		9BB87CA42F5D383C000790E9 /* AQC111 */ = {
			isa = PBXNativeTarget;
			buildConfigurationList = 9BB87CB12F5D383C000790E9 /* Build configuration list for PBXNativeTarget "AQC111" */;
			buildPhases = (
				9BB87CA02F5D383C000790E9 /* Headers */,
				9BB87CA12F5D383C000790E9 /* Sources */,
				9BB87CA22F5D383C000790E9 /* Frameworks */,
				9BB87CA32F5D383C000790E9 /* Resources */,
				9BB87CC12F5D400000000002 /* Re-sign with full entitlements */,
			);
			buildRules = (
			);
			dependencies = (
			);
			fileSystemSynchronizedGroups = (
				9BB87CAA2F5D383C000790E9 /* AQC111 */,
			);
			name = AQC111;
			packageProductDependencies = (
			);
			productName = AQC111;
			productReference = 9BB87CA52F5D383C000790E9 /* au.com.jquirke.AQC111Driver.dext */;
			productType = "com.apple.product-type.driver-extension";
		};
		9BC0AA8B2F5D892600DF0450 /* AQC111Loader */ = {
			isa = PBXNativeTarget;
			buildConfigurationList = 9BC0AA972F5D892700DF0450 /* Build configuration list for PBXNativeTarget "AQC111Loader" */;
			buildPhases = (
				9BC0AA882F5D892600DF0450 /* Sources */,
				9BC0AA892F5D892600DF0450 /* Frameworks */,
				9BC0AA8A2F5D892600DF0450 /* Resources */,
				9BC0AABF2F5D8B0000DF0450 /* Embed System Extensions */,
				9BC0AAC12F5D8D0000DF0450 /* Install to Applications */,
			);
			buildRules = (
			);
			dependencies = (
				9BC0AABD2F5D8A8200DF0450 /* PBXTargetDependency */,
			);
			fileSystemSynchronizedGroups = (
				9BC0AA8D2F5D892600DF0450 /* AQC111Loader */,
			);
			name = AQC111Loader;
			packageProductDependencies = (
			);
			productName = AQC111Loader;
			productReference = 9BC0AA8C2F5D892600DF0450 /* AQC111Loader.app */;
			productType = "com.apple.product-type.application";
		};
/* End PBXNativeTarget section */

/* Begin PBXProject section */
		9BB87C9C2F5D383C000790E9 /* Project object */ = {
			isa = PBXProject;
			attributes = {
				BuildIndependentTargetsInParallel = 1;
				LastSwiftUpdateCheck = 2630;
				LastUpgradeCheck = 2630;
				TargetAttributes = {
					9BB87CA42F5D383C000790E9 = {
						CreatedOnToolsVersion = 26.3;
					};
					9BC0AA8B2F5D892600DF0450 = {
						CreatedOnToolsVersion = 26.3;
					};
				};
			};
			buildConfigurationList = 9BB87C9F2F5D383C000790E9 /* Build configuration list for PBXProject "AQC111" */;
			developmentRegion = en;
			hasScannedForEncodings = 0;
			knownRegions = (
				en,
				Base,
			);
			mainGroup = 9BB87C9B2F5D383C000790E9;
			minimizedProjectReferenceProxies = 1;
			preferredProjectObjectVersion = 77;
			productRefGroup = 9BB87CA62F5D383C000790E9 /* Products */;
			projectDirPath = "";
			projectRoot = "";
			targets = (
				9BB87CA42F5D383C000790E9 /* AQC111 */,
				9BC0AA8B2F5D892600DF0450 /* AQC111Loader */,
			);
		};
/* End PBXProject section */

/* Begin PBXResourcesBuildPhase section */
		9BB87CA32F5D383C000790E9 /* Resources */ = {
			isa = PBXResourcesBuildPhase;
			buildActionMask = 2147483647;
			files = (
			);
			runOnlyForDeploymentPostprocessing = 0;
		};
		9BC0AA8A2F5D892600DF0450 /* Resources */ = {
			isa = PBXResourcesBuildPhase;
			buildActionMask = 2147483647;
			files = (
			);
			runOnlyForDeploymentPostprocessing = 0;
		};
/* End PBXResourcesBuildPhase section */

/* Begin PBXShellScriptBuildPhase section */
		9BC0AAC12F5D8D0000DF0450 /* Install to Applications */ = {
			isa = PBXShellScriptBuildPhase;
			buildActionMask = 2147483647;
			files = (
			);
			inputPaths = (
			);
			name = "Install to Applications";
			outputPaths = (
			);
			runOnlyForDeploymentPostprocessing = 0;
			shellPath = /bin/sh;
			shellScript = "set -e\ncp -Rf \"${BUILT_PRODUCTS_DIR}/${PRODUCT_NAME}.app\" /Applications/\necho \"Installed ${PRODUCT_NAME}.app to /Applications\"\n";
		};
/* End PBXShellScriptBuildPhase section */

/* Begin PBXShellScriptBuildPhase section */
		9BB87CC12F5D400000000002 /* Re-sign with full entitlements */ = {
			isa = PBXShellScriptBuildPhase;
			buildActionMask = 2147483647;
			files = (
			);
			inputFileListPaths = (
			);
			inputPaths = (
				"$(CODESIGNING_FOLDER_PATH)",
			);
			name = "Re-sign dext with full entitlements (SIP-off workaround)";
			outputFileListPaths = (
			);
			outputPaths = (
			);
			runOnlyForDeploymentPostprocessing = 0;
			shellPath = /bin/sh;
			shellScript = "set -e\nFULL_ENT=\"${SRCROOT}/AQC111/AQC111Driver_full.entitlements\"\necho \"Re-signing ${CODESIGNING_FOLDER_PATH} with full entitlements\"\ncodesign --force --sign \"${CODE_SIGN_IDENTITY}\" --entitlements \"${FULL_ENT}\" \"${CODESIGNING_FOLDER_PATH}\"\n";
		};
/* End PBXShellScriptBuildPhase section */

/* Begin PBXSourcesBuildPhase section */
		9BB87CA12F5D383C000790E9 /* Sources */ = {
			isa = PBXSourcesBuildPhase;
			buildActionMask = 2147483647;
			files = (
			);
			runOnlyForDeploymentPostprocessing = 0;
		};
		9BC0AA882F5D892600DF0450 /* Sources */ = {
			isa = PBXSourcesBuildPhase;
			buildActionMask = 2147483647;
			files = (
			);
			runOnlyForDeploymentPostprocessing = 0;
		};
/* End PBXSourcesBuildPhase section */

/* Begin PBXTargetDependency section */
		9BC0AABD2F5D8A8200DF0450 /* PBXTargetDependency */ = {
			isa = PBXTargetDependency;
			target = 9BB87CA42F5D383C000790E9 /* AQC111 */;
			targetProxy = 9BC0AABC2F5D8A8200DF0450 /* PBXContainerItemProxy */;
		};
/* End PBXTargetDependency section */

/* Begin XCBuildConfiguration section */
		9BB87CB22F5D383C000790E9 /* Debug */ = {
			isa = XCBuildConfiguration;
			buildSettings = {
				CODE_SIGN_ENTITLEMENTS = AQC111/AQC111Driver.entitlements;
				CODE_SIGN_IDENTITY = "Apple Development";
				CODE_SIGN_STYLE = Manual;
				CURRENT_PROJECT_VERSION = 1;
				DEVELOPMENT_TEAM = "";
				"DEVELOPMENT_TEAM[sdk=driverkit*]" = R83642DDMF;
				FRAMEWORK_SEARCH_PATHS = (
					"$(inherited)",
					"$(SDKROOT)/System/DriverKit/System/Library/Frameworks",
				);
				GENERATE_INFOPLIST_FILE = YES;
				INFOPLIST_FILE = AQC111/Info.plist;
				INFOPLIST_KEY_OSBundleUsageDescription = "AQC111 USB Ethernet Adapter Driver";
				MARKETING_VERSION = 1.0;
				PRODUCT_BUNDLE_IDENTIFIER = au.com.jquirke.AQC111Driver;
				PRODUCT_NAME = "$(inherited)";
				PROVISIONING_PROFILE_SPECIFIER = "";
				"PROVISIONING_PROFILE_SPECIFIER[sdk=driverkit*]" = "DriverKit AQC111";
				RUN_CLANG_STATIC_ANALYZER = YES;
				SKIP_INSTALL = YES;
				STRING_CATALOG_GENERATE_SYMBOLS = YES;
				SWIFT_EMIT_LOC_STRINGS = YES;
			};
			name = Debug;
		};
		9BB87CB32F5D383C000790E9 /* Release */ = {
			isa = XCBuildConfiguration;
			buildSettings = {
				CODE_SIGN_ENTITLEMENTS = AQC111/AQC111Driver.entitlements;
				CODE_SIGN_STYLE = Automatic;
				CURRENT_PROJECT_VERSION = 1;
				FRAMEWORK_SEARCH_PATHS = (
					"$(inherited)",
					"$(SDKROOT)/System/DriverKit/System/Library/Frameworks",
				);
				GENERATE_INFOPLIST_FILE = YES;
				INFOPLIST_FILE = AQC111/Info.plist;
				INFOPLIST_KEY_OSBundleUsageDescription = "AQC111 USB Ethernet Adapter Driver";
				MARKETING_VERSION = 1.0;
				PRODUCT_BUNDLE_IDENTIFIER = au.com.jquirke.AQC111;
				PRODUCT_NAME = "$(inherited)";
				RUN_CLANG_STATIC_ANALYZER = YES;
				SKIP_INSTALL = YES;
				STRING_CATALOG_GENERATE_SYMBOLS = YES;
				SWIFT_EMIT_LOC_STRINGS = YES;
			};
			name = Release;
		};
		9BB87CB42F5D383C000790E9 /* Debug */ = {
			isa = XCBuildConfiguration;
			buildSettings = {
				ALWAYS_SEARCH_USER_PATHS = NO;
				ASSETCATALOG_COMPILER_GENERATE_SWIFT_ASSET_SYMBOL_EXTENSIONS = YES;
				CLANG_ANALYZER_NONNULL = YES;
				CLANG_ANALYZER_NUMBER_OBJECT_CONVERSION = YES_AGGRESSIVE;
				CLANG_CXX_LANGUAGE_STANDARD = "gnu++20";
				CLANG_ENABLE_MODULES = YES;
				CLANG_ENABLE_OBJC_ARC = YES;
				CLANG_ENABLE_OBJC_WEAK = YES;
				CLANG_WARN_BLOCK_CAPTURE_AUTORELEASING = YES;
				CLANG_WARN_BOOL_CONVERSION = YES;
				CLANG_WARN_COMMA = YES;
				CLANG_WARN_CONSTANT_CONVERSION = YES;
				CLANG_WARN_DEPRECATED_OBJC_IMPLEMENTATIONS = YES;
				CLANG_WARN_DIRECT_OBJC_ISA_USAGE = YES_ERROR;
				CLANG_WARN_DOCUMENTATION_COMMENTS = YES;
				CLANG_WARN_EMPTY_BODY = YES;
				CLANG_WARN_ENUM_CONVERSION = YES;
				CLANG_WARN_INFINITE_RECURSION = YES;
				CLANG_WARN_INT_CONVERSION = YES;
				CLANG_WARN_NON_LITERAL_NULL_CONVERSION = YES;
				CLANG_WARN_OBJC_IMPLICIT_RETAIN_SELF = YES;
				CLANG_WARN_OBJC_LITERAL_CONVERSION = YES;
				CLANG_WARN_OBJC_ROOT_CLASS = YES_ERROR;
				CLANG_WARN_QUOTED_INCLUDE_IN_FRAMEWORK_HEADER = YES;
				CLANG_WARN_RANGE_LOOP_ANALYSIS = YES;
				CLANG_WARN_STRICT_PROTOTYPES = YES;
				CLANG_WARN_SUSPICIOUS_MOVE = YES;
				CLANG_WARN_UNGUARDED_AVAILABILITY = YES_AGGRESSIVE;
				CLANG_WARN_UNREACHABLE_CODE = YES;
				CLANG_WARN__DUPLICATE_METHOD_MATCH = YES;
				COPY_PHASE_STRIP = NO;
				DEBUG_INFORMATION_FORMAT = dwarf;
				DRIVERKIT_DEPLOYMENT_TARGET = 25.2;
				ENABLE_STRICT_OBJC_MSGSEND = YES;
				ENABLE_TESTABILITY = YES;
				ENABLE_USER_SCRIPT_SANDBOXING = YES;
				GCC_C_LANGUAGE_STANDARD = gnu17;
				GCC_DYNAMIC_NO_PIC = NO;
				GCC_NO_COMMON_BLOCKS = YES;
				GCC_OPTIMIZATION_LEVEL = 0;
				GCC_PREPROCESSOR_DEFINITIONS = (
					"DEBUG=1",
					"$(inherited)",
				);
				GCC_WARN_64_TO_32_BIT_CONVERSION = YES;
				GCC_WARN_ABOUT_RETURN_TYPE = YES_ERROR;
				GCC_WARN_UNDECLARED_SELECTOR = YES;
				GCC_WARN_UNINITIALIZED_AUTOS = YES_AGGRESSIVE;
				GCC_WARN_UNUSED_FUNCTION = YES;
				GCC_WARN_UNUSED_VARIABLE = YES;
				LOCALIZATION_PREFERS_STRING_CATALOGS = YES;
				MTL_ENABLE_DEBUG_INFO = INCLUDE_SOURCE;
				MTL_FAST_MATH = YES;
				ONLY_ACTIVE_ARCH = YES;
				SDKROOT = driverkit;
			};
			name = Debug;
		};
		9BB87CB52F5D383C000790E9 /* Release */ = {
			isa = XCBuildConfiguration;
			buildSettings = {
				ALWAYS_SEARCH_USER_PATHS = NO;
				ASSETCATALOG_COMPILER_GENERATE_SWIFT_ASSET_SYMBOL_EXTENSIONS = YES;
				CLANG_ANALYZER_NONNULL = YES;
				CLANG_ANALYZER_NUMBER_OBJECT_CONVERSION = YES_AGGRESSIVE;
				CLANG_CXX_LANGUAGE_STANDARD = "gnu++20";
				CLANG_ENABLE_MODULES = YES;
				CLANG_ENABLE_OBJC_ARC = YES;
				CLANG_ENABLE_OBJC_WEAK = YES;
				CLANG_WARN_BLOCK_CAPTURE_AUTORELEASING = YES;
				CLANG_WARN_BOOL_CONVERSION = YES;
				CLANG_WARN_COMMA = YES;
				CLANG_WARN_CONSTANT_CONVERSION = YES;
				CLANG_WARN_DEPRECATED_OBJC_IMPLEMENTATIONS = YES;
				CLANG_WARN_DIRECT_OBJC_ISA_USAGE = YES_ERROR;
				CLANG_WARN_DOCUMENTATION_COMMENTS = YES;
				CLANG_WARN_EMPTY_BODY = YES;
				CLANG_WARN_ENUM_CONVERSION = YES;
				CLANG_WARN_INFINITE_RECURSION = YES;
				CLANG_WARN_INT_CONVERSION = YES;
				CLANG_WARN_NON_LITERAL_NULL_CONVERSION = YES;
				CLANG_WARN_OBJC_IMPLICIT_RETAIN_SELF = YES;
				CLANG_WARN_OBJC_LITERAL_CONVERSION = YES;
				CLANG_WARN_OBJC_ROOT_CLASS = YES_ERROR;
				CLANG_WARN_QUOTED_INCLUDE_IN_FRAMEWORK_HEADER = YES;
				CLANG_WARN_RANGE_LOOP_ANALYSIS = YES;
				CLANG_WARN_STRICT_PROTOTYPES = YES;
				CLANG_WARN_SUSPICIOUS_MOVE = YES;
				CLANG_WARN_UNGUARDED_AVAILABILITY = YES_AGGRESSIVE;
				CLANG_WARN_UNREACHABLE_CODE = YES;
				CLANG_WARN__DUPLICATE_METHOD_MATCH = YES;
				COPY_PHASE_STRIP = NO;
				DEBUG_INFORMATION_FORMAT = "dwarf-with-dsym";
				DRIVERKIT_DEPLOYMENT_TARGET = 25.2;
				ENABLE_NS_ASSERTIONS = NO;
				ENABLE_STRICT_OBJC_MSGSEND = YES;
				ENABLE_USER_SCRIPT_SANDBOXING = YES;
				GCC_C_LANGUAGE_STANDARD = gnu17;
				GCC_NO_COMMON_BLOCKS = YES;
				GCC_WARN_64_TO_32_BIT_CONVERSION = YES;
				GCC_WARN_ABOUT_RETURN_TYPE = YES_ERROR;
				GCC_WARN_UNDECLARED_SELECTOR = YES;
				GCC_WARN_UNINITIALIZED_AUTOS = YES_AGGRESSIVE;
				GCC_WARN_UNUSED_FUNCTION = YES;
				GCC_WARN_UNUSED_VARIABLE = YES;
				LOCALIZATION_PREFERS_STRING_CATALOGS = YES;
				MTL_ENABLE_DEBUG_INFO = NO;
				MTL_FAST_MATH = YES;
				SDKROOT = driverkit;
			};
			name = Release;
		};
		9BC0AA952F5D892700DF0450 /* Debug */ = {
			isa = XCBuildConfiguration;
			buildSettings = {
				ASSETCATALOG_COMPILER_APPICON_NAME = AppIcon;
				ASSETCATALOG_COMPILER_GLOBAL_ACCENT_COLOR_NAME = AccentColor;
				CODE_SIGN_ENTITLEMENTS = AQC111Loader/AQC111Loader.entitlements;
				CODE_SIGN_IDENTITY = "Apple Development";
				CODE_SIGN_STYLE = Automatic;
				COMBINE_HIDPI_IMAGES = YES;
				CURRENT_PROJECT_VERSION = 1;
				DEVELOPMENT_TEAM = R83642DDMF;
				ENABLE_HARDENED_RUNTIME = YES;
				ENABLE_USER_SCRIPT_SANDBOXING = NO;
				GENERATE_INFOPLIST_FILE = NO;
				INFOPLIST_FILE = AQC111Loader/Info.plist;
				LD_RUNPATH_SEARCH_PATHS = (
					"$(inherited)",
					"@executable_path/../Frameworks",
				);
				MACOSX_DEPLOYMENT_TARGET = 26.2;
				MARKETING_VERSION = 1.0;
				PRODUCT_BUNDLE_IDENTIFIER = au.com.jquirke.AQC111Loader;
				PRODUCT_NAME = "$(TARGET_NAME)";
				PROVISIONING_PROFILE_SPECIFIER = "";
				REGISTER_APP_GROUPS = YES;
				SDKROOT = macosx;
				STRING_CATALOG_GENERATE_SYMBOLS = YES;
				SWIFT_ACTIVE_COMPILATION_CONDITIONS = "DEBUG $(inherited)";
				SWIFT_APPROACHABLE_CONCURRENCY = YES;
				SWIFT_DEFAULT_ACTOR_ISOLATION = MainActor;
				SWIFT_EMIT_LOC_STRINGS = YES;
				SWIFT_OPTIMIZATION_LEVEL = "-Onone";
				SWIFT_UPCOMING_FEATURE_MEMBER_IMPORT_VISIBILITY = YES;
				SWIFT_VERSION = 5.0;
			};
			name = Debug;
		};
		9BC0AA962F5D892700DF0450 /* Release */ = {
			isa = XCBuildConfiguration;
			buildSettings = {
				ASSETCATALOG_COMPILER_APPICON_NAME = AppIcon;
				ASSETCATALOG_COMPILER_GLOBAL_ACCENT_COLOR_NAME = AccentColor;
				CODE_SIGN_ENTITLEMENTS = AQC111Loader/AQC111Loader.entitlements;
				CODE_SIGN_STYLE = Automatic;
				COMBINE_HIDPI_IMAGES = YES;
				CURRENT_PROJECT_VERSION = 1;
				DEVELOPMENT_TEAM = R83642DDMF;
				ENABLE_HARDENED_RUNTIME = YES;
				ENABLE_USER_SCRIPT_SANDBOXING = NO;
				GENERATE_INFOPLIST_FILE = NO;
				INFOPLIST_FILE = AQC111Loader/Info.plist;
				LD_RUNPATH_SEARCH_PATHS = (
					"$(inherited)",
					"@executable_path/../Frameworks",
				);
				MACOSX_DEPLOYMENT_TARGET = 26.2;
				MARKETING_VERSION = 1.0;
				PRODUCT_BUNDLE_IDENTIFIER = au.com.jquirke.AQC111Loader;
				PRODUCT_NAME = "$(TARGET_NAME)";
				REGISTER_APP_GROUPS = YES;
				SDKROOT = macosx;
				STRING_CATALOG_GENERATE_SYMBOLS = YES;
				SWIFT_APPROACHABLE_CONCURRENCY = YES;
				SWIFT_COMPILATION_MODE = wholemodule;
				SWIFT_DEFAULT_ACTOR_ISOLATION = MainActor;
				SWIFT_EMIT_LOC_STRINGS = YES;
				SWIFT_UPCOMING_FEATURE_MEMBER_IMPORT_VISIBILITY = YES;
				SWIFT_VERSION = 5.0;
			};
			name = Release;
		};
/* End XCBuildConfiguration section */

/* Begin XCConfigurationList section */
		9BB87C9F2F5D383C000790E9 /* Build configuration list for PBXProject "AQC111" */ = {
			isa = XCConfigurationList;
			buildConfigurations = (
				9BB87CB42F5D383C000790E9 /* Debug */,
				9BB87CB52F5D383C000790E9 /* Release */,
			);
			defaultConfigurationIsVisible = 0;
			defaultConfigurationName = Release;
		};
		9BB87CB12F5D383C000790E9 /* Build configuration list for PBXNativeTarget "AQC111" */ = {
			isa = XCConfigurationList;
			buildConfigurations = (
				9BB87CB22F5D383C000790E9 /* Debug */,
				9BB87CB32F5D383C000790E9 /* Release */,
			);
			defaultConfigurationIsVisible = 0;
			defaultConfigurationName = Release;
		};
		9BC0AA972F5D892700DF0450 /* Build configuration list for PBXNativeTarget "AQC111Loader" */ = {
			isa = XCConfigurationList;
			buildConfigurations = (
				9BC0AA952F5D892700DF0450 /* Debug */,
				9BC0AA962F5D892700DF0450 /* Release */,
			);
			defaultConfigurationIsVisible = 0;
			defaultConfigurationName = Release;
		};
/* End XCConfigurationList section */
	};
	rootObject = 9BB87C9C2F5D383C000790E9 /* Project object */;
}
